
Microsoft Visual Studio Solution File, Format Version 12.00
# Visual Studio Version 16
VisualStudioVersion = 16.0.29503.13
MinimumVisualStudioVersion = 10.0.40219.1
Project("{9A19103F-16F7-4668-BE54-9A1E7A4F7556}") = "LearnCompiler", "LearnCompiler.csproj", "{F7378C36-EA47-4277-A6AC-0817B4B855F8}"
EndProject
Global
	GlobalSection(SolutionConfigurationPlatforms) = preSolution
		Debug|Any CPU = Debug|Any CPU
		Release|Any CPU = Release|Any CPU
	EndGlobalSection
	GlobalSection(ProjectConfigurationPlatforms) = postSolution
		{F7378C36-EA47-4277-A6AC-0817B4B855F8}.Debug|Any CPU.ActiveCfg = Debug|Any CPU
		{F7378C36-EA47-4277-A6AC-0817B4B855F8}.Debug|Any CPU.Build.0 = Debug|Any CPU
		{F7378C36-EA47-4277-A6AC-0817B4B855F8}.Release|Any CPU.ActiveCfg = Release|Any CPU
		{F7378C36-EA47-4277-A6AC-0817B4B855F8}.Release|Any CPU.Build.0 = Release|Any CPU
	EndGlobalSection
	GlobalSection(SolutionProperties) = preSolution
		HideSolutionNode = FALSE
	EndGlobalSection
	GlobalSection(ExtensibilityGlobals) = postSolution
		SolutionGuid = {F60302ED-5609-4A8C-901B-0C2F34AAA12A}
	EndGlobalSection
EndGlobal
